
Microsoft Visual Studio Solution File, Format Version 12.00
# Visual Studio 15
VisualStudioVersion = 15.0.27130.2036
MinimumVisualStudioVersion = 10.0.40219.1
Project("{FAE04EC0-301F-11D3-BF4B-00C04F79EFBC}") = "1819TEST4Opgave", "1819TEST4Opgave\1819TEST4Opgave.csproj", "{3FBCFAFB-C73C-4E67-BA4B-A51A9D57DBAF}"
EndProject
Global
	GlobalSection(SolutionConfigurationPlatforms) = preSolution
		Debug|Any CPU = Debug|Any CPU
		Release|Any CPU = Release|Any CPU
	EndGlobalSection
	GlobalSection(ProjectConfigurationPlatforms) = postSolution
		{3FBCFAFB-C73C-4E67-BA4B-A51A9D57DBAF}.Debug|Any CPU.ActiveCfg = Debug|Any CPU
		{3FBCFAFB-C73C-4E67-BA4B-A51A9D57DBAF}.Debug|Any CPU.Build.0 = Debug|Any CPU
		{3FBCFAFB-C73C-4E67-BA4B-A51A9D57DBAF}.Release|Any CPU.ActiveCfg = Release|Any CPU
		{3FBCFAFB-C73C-4E67-BA4B-A51A9D57DBAF}.Release|Any CPU.Build.0 = Release|Any CPU
	EndGlobalSection
	GlobalSection(SolutionProperties) = preSolution
		HideSolutionNode = FALSE
	EndGlobalSection
	GlobalSection(ExtensibilityGlobals) = postSolution
		SolutionGuid = {7A8B8C52-5DC9-48F5-9159-8DC804F2120B}
	EndGlobalSection
EndGlobal
